// !$*UTF8*$!
{
	archiveVersion = 1;
	classes = {
	};
	objectVersion = 56;
	objects = {

/* Begin PBXBuildFile section */
		5230D3C129D6F57D002B28D1 /* BudgetAppApp.swift in Sources */ = {isa = PBXBuildFile; fileRef = 5230D3C029D6F57D002B28D1 /* BudgetAppApp.swift */; };
		5230D3C329D6F57D002B28D1 /* ContentView.swift in Sources */ = {isa = PBXBuildFile; fileRef = 5230D3C229D6F57D002B28D1 /* ContentView.swift */; };
		5230D3C529D6F57F002B28D1 /* Assets.xcassets in Resources */ = {isa = PBXBuildFile; fileRef = 5230D3C429D6F57F002B28D1 /* Assets.xcassets */; };
		5230D3C929D6F57F002B28D1 /* Preview Assets.xcassets in Resources */ = {isa = PBXBuildFile; fileRef = 5230D3C829D6F57F002B28D1 /* Preview Assets.xcassets */; };
		5230D3D329D6F57F002B28D1 /* BudgetAppTests.swift in Sources */ = {isa = PBXBuildFile; fileRef = 5230D3D229D6F57F002B28D1 /* BudgetAppTests.swift */; };
		5230D3DD29D6F57F002B28D1 /* BudgetAppUITests.swift in Sources */ = {isa = PBXBuildFile; fileRef = 5230D3DC29D6F57F002B28D1 /* BudgetAppUITests.swift */; };
		5230D3DF29D6F57F002B28D1 /* BudgetAppUITestsLaunchTests.swift in Sources */ = {isa = PBXBuildFile; fileRef = 5230D3DE29D6F57F002B28D1 /* BudgetAppUITestsLaunchTests.swift */; };
		5230D3EC29D70ABA002B28D1 /* Extensions.swift in Sources */ = {isa = PBXBuildFile; fileRef = 5230D3EB29D70ABA002B28D1 /* Extensions.swift */; };
		5230D3EE29D70EAF002B28D1 /* TransactionModel.swift in Sources */ = {isa = PBXBuildFile; fileRef = 5230D3ED29D70EAF002B28D1 /* TransactionModel.swift */; };
		5230D3F029D70FB5002B28D1 /* PreviewData.swift in Sources */ = {isa = PBXBuildFile; fileRef = 5230D3EF29D70FB5002B28D1 /* PreviewData.swift */; };
		5230D3F429D710C2002B28D1 /* TransactionView.swift in Sources */ = {isa = PBXBuildFile; fileRef = 5230D3F329D710C2002B28D1 /* TransactionView.swift */; };
		5230D3F729D716D7002B28D1 /* SwiftUIFontIcon in Frameworks */ = {isa = PBXBuildFile; productRef = 5230D3F629D716D7002B28D1 /* SwiftUIFontIcon */; };
		5230D3F929D71786002B28D1 /* TransactionListViewModel.swift in Sources */ = {isa = PBXBuildFile; fileRef = 5230D3F829D71786002B28D1 /* TransactionListViewModel.swift */; };
		5230D3FB29D71D6B002B28D1 /* RecentTransactionList.swift in Sources */ = {isa = PBXBuildFile; fileRef = 5230D3FA29D71D6B002B28D1 /* RecentTransactionList.swift */; };
/* End PBXBuildFile section */

/* Begin PBXContainerItemProxy section */
		5230D3CF29D6F57F002B28D1 /* PBXContainerItemProxy */ = {
			isa = PBXContainerItemProxy;
			containerPortal = 5230D3B529D6F57D002B28D1 /* Project object */;
			proxyType = 1;
			remoteGlobalIDString = 5230D3BC29D6F57D002B28D1;
			remoteInfo = BudgetApp;
		};
		5230D3D929D6F57F002B28D1 /* PBXContainerItemProxy */ = {
			isa = PBXContainerItemProxy;
			containerPortal = 5230D3B529D6F57D002B28D1 /* Project object */;
			proxyType = 1;
			remoteGlobalIDString = 5230D3BC29D6F57D002B28D1;
			remoteInfo = BudgetApp;
		};
/* End PBXContainerItemProxy section */

/* Begin PBXFileReference section */
		5230D3BD29D6F57D002B28D1 /* BudgetApp.app */ = {isa = PBXFileReference; explicitFileType = wrapper.application; includeInIndex = 0; path = BudgetApp.app; sourceTree = BUILT_PRODUCTS_DIR; };
		5230D3C029D6F57D002B28D1 /* BudgetAppApp.swift */ = {isa = PBXFileReference; lastKnownFileType = sourcecode.swift; path = BudgetAppApp.swift; sourceTree = "<group>"; };
		5230D3C229D6F57D002B28D1 /* ContentView.swift */ = {isa = PBXFileReference; lastKnownFileType = sourcecode.swift; path = ContentView.swift; sourceTree = "<group>"; };
		5230D3C429D6F57F002B28D1 /* Assets.xcassets */ = {isa = PBXFileReference; lastKnownFileType = folder.assetcatalog; path = Assets.xcassets; sourceTree = "<group>"; };
		5230D3C629D6F57F002B28D1 /* BudgetApp.entitlements */ = {isa = PBXFileReference; lastKnownFileType = text.plist.entitlements; path = BudgetApp.entitlements; sourceTree = "<group>"; };
		5230D3C829D6F57F002B28D1 /* Preview Assets.xcassets */ = {isa = PBXFileReference; lastKnownFileType = folder.assetcatalog; path = "Preview Assets.xcassets"; sourceTree = "<group>"; };
		5230D3CE29D6F57F002B28D1 /* BudgetAppTests.xctest */ = {isa = PBXFileReference; explicitFileType = wrapper.cfbundle; includeInIndex = 0; path = BudgetAppTests.xctest; sourceTree = BUILT_PRODUCTS_DIR; };
		5230D3D229D6F57F002B28D1 /* BudgetAppTests.swift */ = {isa = PBXFileReference; lastKnownFileType = sourcecode.swift; path = BudgetAppTests.swift; sourceTree = "<group>"; };
		5230D3D829D6F57F002B28D1 /* BudgetAppUITests.xctest */ = {isa = PBXFileReference; explicitFileType = wrapper.cfbundle; includeInIndex = 0; path = BudgetAppUITests.xctest; sourceTree = BUILT_PRODUCTS_DIR; };
		5230D3DC29D6F57F002B28D1 /* BudgetAppUITests.swift */ = {isa = PBXFileReference; lastKnownFileType = sourcecode.swift; path = BudgetAppUITests.swift; sourceTree = "<group>"; };
		5230D3DE29D6F57F002B28D1 /* BudgetAppUITestsLaunchTests.swift */ = {isa = PBXFileReference; lastKnownFileType = sourcecode.swift; path = BudgetAppUITestsLaunchTests.swift; sourceTree = "<group>"; };
		5230D3EB29D70ABA002B28D1 /* Extensions.swift */ = {isa = PBXFileReference; lastKnownFileType = sourcecode.swift; path = Extensions.swift; sourceTree = "<group>"; };
		5230D3ED29D70EAF002B28D1 /* TransactionModel.swift */ = {isa = PBXFileReference; lastKnownFileType = sourcecode.swift; path = TransactionModel.swift; sourceTree = "<group>"; };
		5230D3EF29D70FB5002B28D1 /* PreviewData.swift */ = {isa = PBXFileReference; lastKnownFileType = sourcecode.swift; path = PreviewData.swift; sourceTree = "<group>"; };
		5230D3F329D710C2002B28D1 /* TransactionView.swift */ = {isa = PBXFileReference; lastKnownFileType = sourcecode.swift; path = TransactionView.swift; sourceTree = "<group>"; };
		5230D3F829D71786002B28D1 /* TransactionListViewModel.swift */ = {isa = PBXFileReference; lastKnownFileType = sourcecode.swift; path = TransactionListViewModel.swift; sourceTree = "<group>"; };
		5230D3FA29D71D6B002B28D1 /* RecentTransactionList.swift */ = {isa = PBXFileReference; lastKnownFileType = sourcecode.swift; path = RecentTransactionList.swift; sourceTree = "<group>"; };
/* End PBXFileReference section */

/* Begin PBXFrameworksBuildPhase section */
		5230D3BA29D6F57D002B28D1 /* Frameworks */ = {
			isa = PBXFrameworksBuildPhase;
			buildActionMask = 2147483647;
			files = (
				5230D3F729D716D7002B28D1 /* SwiftUIFontIcon in Frameworks */,
			);
			runOnlyForDeploymentPostprocessing = 0;
		};
		5230D3CB29D6F57F002B28D1 /* Frameworks */ = {
			isa = PBXFrameworksBuildPhase;
			buildActionMask = 2147483647;
			files = (
			);
			runOnlyForDeploymentPostprocessing = 0;
		};
		5230D3D529D6F57F002B28D1 /* Frameworks */ = {
			isa = PBXFrameworksBuildPhase;
			buildActionMask = 2147483647;
			files = (
			);
			runOnlyForDeploymentPostprocessing = 0;
		};
/* End PBXFrameworksBuildPhase section */

/* Begin PBXGroup section */
		5230D3B429D6F57D002B28D1 = {
			isa = PBXGroup;
			children = (
				5230D3BF29D6F57D002B28D1 /* BudgetApp */,
				5230D3D129D6F57F002B28D1 /* BudgetAppTests */,
				5230D3DB29D6F57F002B28D1 /* BudgetAppUITests */,
				5230D3BE29D6F57D002B28D1 /* Products */,
			);
			sourceTree = "<group>";
		};
		5230D3BE29D6F57D002B28D1 /* Products */ = {
			isa = PBXGroup;
			children = (
				5230D3BD29D6F57D002B28D1 /* BudgetApp.app */,
				5230D3CE29D6F57F002B28D1 /* BudgetAppTests.xctest */,
				5230D3D829D6F57F002B28D1 /* BudgetAppUITests.xctest */,
			);
			name = Products;
			sourceTree = "<group>";
		};
		5230D3BF29D6F57D002B28D1 /* BudgetApp */ = {
			isa = PBXGroup;
			children = (
				5230D3C029D6F57D002B28D1 /* BudgetAppApp.swift */,
				5230D3C229D6F57D002B28D1 /* ContentView.swift */,
				5230D3FA29D71D6B002B28D1 /* RecentTransactionList.swift */,
				5230D3F329D710C2002B28D1 /* TransactionView.swift */,
				5230D3F829D71786002B28D1 /* TransactionListViewModel.swift */,
				5230D3ED29D70EAF002B28D1 /* TransactionModel.swift */,
				5230D3EB29D70ABA002B28D1 /* Extensions.swift */,
				5230D3C429D6F57F002B28D1 /* Assets.xcassets */,
				5230D3C629D6F57F002B28D1 /* BudgetApp.entitlements */,
				5230D3C729D6F57F002B28D1 /* Preview Content */,
			);
			path = BudgetApp;
			sourceTree = "<group>";
		};
		5230D3C729D6F57F002B28D1 /* Preview Content */ = {
			isa = PBXGroup;
			children = (
				5230D3C829D6F57F002B28D1 /* Preview Assets.xcassets */,
				5230D3EF29D70FB5002B28D1 /* PreviewData.swift */,
			);
			path = "Preview Content";
			sourceTree = "<group>";
		};
		5230D3D129D6F57F002B28D1 /* BudgetAppTests */ = {
			isa = PBXGroup;
			children = (
				5230D3D229D6F57F002B28D1 /* BudgetAppTests.swift */,
			);
			path = BudgetAppTests;
			sourceTree = "<group>";
		};
		5230D3DB29D6F57F002B28D1 /* BudgetAppUITests */ = {
			isa = PBXGroup;
			children = (
				5230D3DC29D6F57F002B28D1 /* BudgetAppUITests.swift */,
				5230D3DE29D6F57F002B28D1 /* BudgetAppUITestsLaunchTests.swift */,
			);
			path = BudgetAppUITests;
			sourceTree = "<group>";
		};
/* End PBXGroup section */

/* Begin PBXNativeTarget section */
		5230D3BC29D6F57D002B28D1 /* BudgetApp */ = {
			isa = PBXNativeTarget;
			buildConfigurationList = 5230D3E229D6F57F002B28D1 /* Build configuration list for PBXNativeTarget "BudgetApp" */;
			buildPhases = (
				5230D3B929D6F57D002B28D1 /* Sources */,
				5230D3BA29D6F57D002B28D1 /* Frameworks */,
				5230D3BB29D6F57D002B28D1 /* Resources */,
			);
			buildRules = (
			);
			dependencies = (
			);
			name = BudgetApp;
			packageProductDependencies = (
				5230D3F629D716D7002B28D1 /* SwiftUIFontIcon */,
			);
			productName = BudgetApp;
			productReference = 5230D3BD29D6F57D002B28D1 /* BudgetApp.app */;
			productType = "com.apple.product-type.application";
		};
		5230D3CD29D6F57F002B28D1 /* BudgetAppTests */ = {
			isa = PBXNativeTarget;
			buildConfigurationList = 5230D3E529D6F57F002B28D1 /* Build configuration list for PBXNativeTarget "BudgetAppTests" */;
			buildPhases = (
				5230D3CA29D6F57F002B28D1 /* Sources */,
				5230D3CB29D6F57F002B28D1 /* Frameworks */,
				5230D3CC29D6F57F002B28D1 /* Resources */,
			);
			buildRules = (
			);
			dependencies = (
				5230D3D029D6F57F002B28D1 /* PBXTargetDependency */,
			);
			name = BudgetAppTests;
			productName = BudgetAppTests;
			productReference = 5230D3CE29D6F57F002B28D1 /* BudgetAppTests.xctest */;
			productType = "com.apple.product-type.bundle.unit-test";
		};
		5230D3D729D6F57F002B28D1 /* BudgetAppUITests */ = {
			isa = PBXNativeTarget;
			buildConfigurationList = 5230D3E829D6F57F002B28D1 /* Build configuration list for PBXNativeTarget "BudgetAppUITests" */;
			buildPhases = (
				5230D3D429D6F57F002B28D1 /* Sources */,
				5230D3D529D6F57F002B28D1 /* Frameworks */,
				5230D3D629D6F57F002B28D1 /* Resources */,
			);
			buildRules = (
			);
			dependencies = (
				5230D3DA29D6F57F002B28D1 /* PBXTargetDependency */,
			);
			name = BudgetAppUITests;
			productName = BudgetAppUITests;
			productReference = 5230D3D829D6F57F002B28D1 /* BudgetAppUITests.xctest */;
			productType = "com.apple.product-type.bundle.ui-testing";
		};
/* End PBXNativeTarget section */

/* Begin PBXProject section */
		5230D3B529D6F57D002B28D1 /* Project object */ = {
			isa = PBXProject;
			attributes = {
				BuildIndependentTargetsInParallel = 1;
				LastSwiftUpdateCheck = 1420;
				LastUpgradeCheck = 1420;
				TargetAttributes = {
					5230D3BC29D6F57D002B28D1 = {
						CreatedOnToolsVersion = 14.2;
					};
					5230D3CD29D6F57F002B28D1 = {
						CreatedOnToolsVersion = 14.2;
						TestTargetID = 5230D3BC29D6F57D002B28D1;
					};
					5230D3D729D6F57F002B28D1 = {
						CreatedOnToolsVersion = 14.2;
						TestTargetID = 5230D3BC29D6F57D002B28D1;
					};
				};
			};
			buildConfigurationList = 5230D3B829D6F57D002B28D1 /* Build configuration list for PBXProject "BudgetApp" */;
			compatibilityVersion = "Xcode 14.0";
			developmentRegion = en;
			hasScannedForEncodings = 0;
			knownRegions = (
				en,
				Base,
			);
			mainGroup = 5230D3B429D6F57D002B28D1;
			packageReferences = (
				5230D3F529D716D7002B28D1 /* XCRemoteSwiftPackageReference "SwiftUIFontIcon" */,
			);
			productRefGroup = 5230D3BE29D6F57D002B28D1 /* Products */;
			projectDirPath = "";
			projectRoot = "";
			targets = (
				5230D3BC29D6F57D002B28D1 /* BudgetApp */,
				5230D3CD29D6F57F002B28D1 /* BudgetAppTests */,
				5230D3D729D6F57F002B28D1 /* BudgetAppUITests */,
			);
		};
/* End PBXProject section */

/* Begin PBXResourcesBuildPhase section */
		5230D3BB29D6F57D002B28D1 /* Resources */ = {
			isa = PBXResourcesBuildPhase;
			buildActionMask = 2147483647;
			files = (
				5230D3C929D6F57F002B28D1 /* Preview Assets.xcassets in Resources */,
				5230D3C529D6F57F002B28D1 /* Assets.xcassets in Resources */,
			);
			runOnlyForDeploymentPostprocessing = 0;
		};
		5230D3CC29D6F57F002B28D1 /* Resources */ = {
			isa = PBXResourcesBuildPhase;
			buildActionMask = 2147483647;
			files = (
			);
			runOnlyForDeploymentPostprocessing = 0;
		};
		5230D3D629D6F57F002B28D1 /* Resources */ = {
			isa = PBXResourcesBuildPhase;
			buildActionMask = 2147483647;
			files = (
			);
			runOnlyForDeploymentPostprocessing = 0;
		};
/* End PBXResourcesBuildPhase section */

/* Begin PBXSourcesBuildPhase section */
		5230D3B929D6F57D002B28D1 /* Sources */ = {
			isa = PBXSourcesBuildPhase;
			buildActionMask = 2147483647;
			files = (
				5230D3F029D70FB5002B28D1 /* PreviewData.swift in Sources */,
				5230D3FB29D71D6B002B28D1 /* RecentTransactionList.swift in Sources */,
				5230D3EE29D70EAF002B28D1 /* TransactionModel.swift in Sources */,
				5230D3C329D6F57D002B28D1 /* ContentView.swift in Sources */,
				5230D3EC29D70ABA002B28D1 /* Extensions.swift in Sources */,
				5230D3C129D6F57D002B28D1 /* BudgetAppApp.swift in Sources */,
				5230D3F929D71786002B28D1 /* TransactionListViewModel.swift in Sources */,
				5230D3F429D710C2002B28D1 /* TransactionView.swift in Sources */,
			);
			runOnlyForDeploymentPostprocessing = 0;
		};
		5230D3CA29D6F57F002B28D1 /* Sources */ = {
			isa = PBXSourcesBuildPhase;
			buildActionMask = 2147483647;
			files = (
				5230D3D329D6F57F002B28D1 /* BudgetAppTests.swift in Sources */,
			);
			runOnlyForDeploymentPostprocessing = 0;
		};
		5230D3D429D6F57F002B28D1 /* Sources */ = {
			isa = PBXSourcesBuildPhase;
			buildActionMask = 2147483647;
			files = (
				5230D3DD29D6F57F002B28D1 /* BudgetAppUITests.swift in Sources */,
				5230D3DF29D6F57F002B28D1 /* BudgetAppUITestsLaunchTests.swift in Sources */,
			);
			runOnlyForDeploymentPostprocessing = 0;
		};
/* End PBXSourcesBuildPhase section */

/* Begin PBXTargetDependency section */
		5230D3D029D6F57F002B28D1 /* PBXTargetDependency */ = {
			isa = PBXTargetDependency;
			target = 5230D3BC29D6F57D002B28D1 /* BudgetApp */;
			targetProxy = 5230D3CF29D6F57F002B28D1 /* PBXContainerItemProxy */;
		};
		5230D3DA29D6F57F002B28D1 /* PBXTargetDependency */ = {
			isa = PBXTargetDependency;
			target = 5230D3BC29D6F57D002B28D1 /* BudgetApp */;
			targetProxy = 5230D3D929D6F57F002B28D1 /* PBXContainerItemProxy */;
		};
/* End PBXTargetDependency section */

/* Begin XCBuildConfiguration section */
		5230D3E029D6F57F002B28D1 /* Debug */ = {
			isa = XCBuildConfiguration;
			buildSettings = {
				ALWAYS_SEARCH_USER_PATHS = NO;
				CLANG_ANALYZER_NONNULL = YES;
				CLANG_ANALYZER_NUMBER_OBJECT_CONVERSION = YES_AGGRESSIVE;
				CLANG_CXX_LANGUAGE_STANDARD = "gnu++20";
				CLANG_ENABLE_MODULES = YES;
				CLANG_ENABLE_OBJC_ARC = YES;
				CLANG_ENABLE_OBJC_WEAK = YES;
				CLANG_WARN_BLOCK_CAPTURE_AUTORELEASING = YES;
				CLANG_WARN_BOOL_CONVERSION = YES;
				CLANG_WARN_COMMA = YES;
				CLANG_WARN_CONSTANT_CONVERSION = YES;
				CLANG_WARN_DEPRECATED_OBJC_IMPLEMENTATIONS = YES;
				CLANG_WARN_DIRECT_OBJC_ISA_USAGE = YES_ERROR;
				CLANG_WARN_DOCUMENTATION_COMMENTS = YES;
				CLANG_WARN_EMPTY_BODY = YES;
				CLANG_WARN_ENUM_CONVERSION = YES;
				CLANG_WARN_INFINITE_RECURSION = YES;
				CLANG_WARN_INT_CONVERSION = YES;
				CLANG_WARN_NON_LITERAL_NULL_CONVERSION = YES;
				CLANG_WARN_OBJC_IMPLICIT_RETAIN_SELF = YES;
				CLANG_WARN_OBJC_LITERAL_CONVERSION = YES;
				CLANG_WARN_OBJC_ROOT_CLASS = YES_ERROR;
				CLANG_WARN_QUOTED_INCLUDE_IN_FRAMEWORK_HEADER = YES;
				CLANG_WARN_RANGE_LOOP_ANALYSIS = YES;
				CLANG_WARN_STRICT_PROTOTYPES = YES;
				CLANG_WARN_SUSPICIOUS_MOVE = YES;
				CLANG_WARN_UNGUARDED_AVAILABILITY = YES_AGGRESSIVE;
				CLANG_WARN_UNREACHABLE_CODE = YES;
				CLANG_WARN__DUPLICATE_METHOD_MATCH = YES;
				COPY_PHASE_STRIP = NO;
				DEBUG_INFORMATION_FORMAT = dwarf;
				ENABLE_STRICT_OBJC_MSGSEND = YES;
				ENABLE_TESTABILITY = YES;
				GCC_C_LANGUAGE_STANDARD = gnu11;
				GCC_DYNAMIC_NO_PIC = NO;
				GCC_NO_COMMON_BLOCKS = YES;
				GCC_OPTIMIZATION_LEVEL = 0;
				GCC_PREPROCESSOR_DEFINITIONS = (
					"DEBUG=1",
					"$(inherited)",
				);
				GCC_WARN_64_TO_32_BIT_CONVERSION = YES;
				GCC_WARN_ABOUT_RETURN_TYPE = YES_ERROR;
				GCC_WARN_UNDECLARED_SELECTOR = YES;
				GCC_WARN_UNINITIALIZED_AUTOS = YES_AGGRESSIVE;
				GCC_WARN_UNUSED_FUNCTION = YES;
				GCC_WARN_UNUSED_VARIABLE = YES;
				MTL_ENABLE_DEBUG_INFO = INCLUDE_SOURCE;
				MTL_FAST_MATH = YES;
				ONLY_ACTIVE_ARCH = YES;
				SWIFT_ACTIVE_COMPILATION_CONDITIONS = DEBUG;
				SWIFT_OPTIMIZATION_LEVEL = "-Onone";
			};
			name = Debug;
		};
		5230D3E129D6F57F002B28D1 /* Release */ = {
			isa = XCBuildConfiguration;
			buildSettings = {
				ALWAYS_SEARCH_USER_PATHS = NO;
				CLANG_ANALYZER_NONNULL = YES;
				CLANG_ANALYZER_NUMBER_OBJECT_CONVERSION = YES_AGGRESSIVE;
				CLANG_CXX_LANGUAGE_STANDARD = "gnu++20";
				CLANG_ENABLE_MODULES = YES;
				CLANG_ENABLE_OBJC_ARC = YES;
				CLANG_ENABLE_OBJC_WEAK = YES;
				CLANG_WARN_BLOCK_CAPTURE_AUTORELEASING = YES;
				CLANG_WARN_BOOL_CONVERSION = YES;
				CLANG_WARN_COMMA = YES;
				CLANG_WARN_CONSTANT_CONVERSION = YES;
				CLANG_WARN_DEPRECATED_OBJC_IMPLEMENTATIONS = YES;
				CLANG_WARN_DIRECT_OBJC_ISA_USAGE = YES_ERROR;
				CLANG_WARN_DOCUMENTATION_COMMENTS = YES;
				CLANG_WARN_EMPTY_BODY = YES;
				CLANG_WARN_ENUM_CONVERSION = YES;
				CLANG_WARN_INFINITE_RECURSION = YES;
				CLANG_WARN_INT_CONVERSION = YES;
				CLANG_WARN_NON_LITERAL_NULL_CONVERSION = YES;
				CLANG_WARN_OBJC_IMPLICIT_RETAIN_SELF = YES;
				CLANG_WARN_OBJC_LITERAL_CONVERSION = YES;
				CLANG_WARN_OBJC_ROOT_CLASS = YES_ERROR;
				CLANG_WARN_QUOTED_INCLUDE_IN_FRAMEWORK_HEADER = YES;
				CLANG_WARN_RANGE_LOOP_ANALYSIS = YES;
				CLANG_WARN_STRICT_PROTOTYPES = YES;
				CLANG_WARN_SUSPICIOUS_MOVE = YES;
				CLANG_WARN_UNGUARDED_AVAILABILITY = YES_AGGRESSIVE;
				CLANG_WARN_UNREACHABLE_CODE = YES;
				CLANG_WARN__DUPLICATE_METHOD_MATCH = YES;
				COPY_PHASE_STRIP = NO;
				DEBUG_INFORMATION_FORMAT = "dwarf-with-dsym";
				ENABLE_NS_ASSERTIONS = NO;
				ENABLE_STRICT_OBJC_MSGSEND = YES;
				GCC_C_LANGUAGE_STANDARD = gnu11;
				GCC_NO_COMMON_BLOCKS = YES;
				GCC_WARN_64_TO_32_BIT_CONVERSION = YES;
				GCC_WARN_ABOUT_RETURN_TYPE = YES_ERROR;
				GCC_WARN_UNDECLARED_SELECTOR = YES;
				GCC_WARN_UNINITIALIZED_AUTOS = YES_AGGRESSIVE;
				GCC_WARN_UNUSED_FUNCTION = YES;
				GCC_WARN_UNUSED_VARIABLE = YES;
				MTL_ENABLE_DEBUG_INFO = NO;
				MTL_FAST_MATH = YES;
				SWIFT_COMPILATION_MODE = wholemodule;
				SWIFT_OPTIMIZATION_LEVEL = "-O";
			};
			name = Release;
		};
		5230D3E329D6F57F002B28D1 /* Debug */ = {
			isa = XCBuildConfiguration;
			buildSettings = {
				ASSETCATALOG_COMPILER_APPICON_NAME = AppIcon;
				ASSETCATALOG_COMPILER_GLOBAL_ACCENT_COLOR_NAME = AccentColor;
				CODE_SIGN_ENTITLEMENTS = BudgetApp/BudgetApp.entitlements;
				CODE_SIGN_STYLE = Automatic;
				CURRENT_PROJECT_VERSION = 1;
				DEVELOPMENT_ASSET_PATHS = "\"BudgetApp/Preview Content\"";
				ENABLE_PREVIEWS = YES;
				GENERATE_INFOPLIST_FILE = YES;
				"INFOPLIST_KEY_UIApplicationSceneManifest_Generation[sdk=iphoneos*]" = YES;
				"INFOPLIST_KEY_UIApplicationSceneManifest_Generation[sdk=iphonesimulator*]" = YES;
				"INFOPLIST_KEY_UIApplicationSupportsIndirectInputEvents[sdk=iphoneos*]" = YES;
				"INFOPLIST_KEY_UIApplicationSupportsIndirectInputEvents[sdk=iphonesimulator*]" = YES;
				"INFOPLIST_KEY_UILaunchScreen_Generation[sdk=iphoneos*]" = YES;
				"INFOPLIST_KEY_UILaunchScreen_Generation[sdk=iphonesimulator*]" = YES;
				"INFOPLIST_KEY_UIStatusBarStyle[sdk=iphoneos*]" = UIStatusBarStyleDefault;
				"INFOPLIST_KEY_UIStatusBarStyle[sdk=iphonesimulator*]" = UIStatusBarStyleDefault;
				INFOPLIST_KEY_UISupportedInterfaceOrientations_iPad = "UIInterfaceOrientationPortrait UIInterfaceOrientationPortraitUpsideDown UIInterfaceOrientationLandscapeLeft UIInterfaceOrientationLandscapeRight";
				INFOPLIST_KEY_UISupportedInterfaceOrientations_iPhone = "UIInterfaceOrientationPortrait UIInterfaceOrientationLandscapeLeft UIInterfaceOrientationLandscapeRight";
				IPHONEOS_DEPLOYMENT_TARGET = 16.2;
				LD_RUNPATH_SEARCH_PATHS = "@executable_path/Frameworks";
				"LD_RUNPATH_SEARCH_PATHS[sdk=macosx*]" = "@executable_path/../Frameworks";
				MACOSX_DEPLOYMENT_TARGET = 13.1;
				MARKETING_VERSION = 1.0;
				PRODUCT_BUNDLE_IDENTIFIER = com.sc.BudgetApp;
				PRODUCT_NAME = "$(TARGET_NAME)";
				SDKROOT = auto;
				SUPPORTED_PLATFORMS = "iphoneos iphonesimulator macosx";
				SWIFT_EMIT_LOC_STRINGS = YES;
				SWIFT_VERSION = 5.0;
				TARGETED_DEVICE_FAMILY = "1,2";
			};
			name = Debug;
		};
		5230D3E429D6F57F002B28D1 /* Release */ = {
			isa = XCBuildConfiguration;
			buildSettings = {
				ASSETCATALOG_COMPILER_APPICON_NAME = AppIcon;
				ASSETCATALOG_COMPILER_GLOBAL_ACCENT_COLOR_NAME = AccentColor;
				CODE_SIGN_ENTITLEMENTS = BudgetApp/BudgetApp.entitlements;
				CODE_SIGN_STYLE = Automatic;
				CURRENT_PROJECT_VERSION = 1;
				DEVELOPMENT_ASSET_PATHS = "\"BudgetApp/Preview Content\"";
				ENABLE_PREVIEWS = YES;
				GENERATE_INFOPLIST_FILE = YES;
				"INFOPLIST_KEY_UIApplicationSceneManifest_Generation[sdk=iphoneos*]" = YES;
				"INFOPLIST_KEY_UIApplicationSceneManifest_Generation[sdk=iphonesimulator*]" = YES;
				"INFOPLIST_KEY_UIApplicationSupportsIndirectInputEvents[sdk=iphoneos*]" = YES;
				"INFOPLIST_KEY_UIApplicationSupportsIndirectInputEvents[sdk=iphonesimulator*]" = YES;
				"INFOPLIST_KEY_UILaunchScreen_Generation[sdk=iphoneos*]" = YES;
				"INFOPLIST_KEY_UILaunchScreen_Generation[sdk=iphonesimulator*]" = YES;
				"INFOPLIST_KEY_UIStatusBarStyle[sdk=iphoneos*]" = UIStatusBarStyleDefault;
				"INFOPLIST_KEY_UIStatusBarStyle[sdk=iphonesimulator*]" = UIStatusBarStyleDefault;
				INFOPLIST_KEY_UISupportedInterfaceOrientations_iPad = "UIInterfaceOrientationPortrait UIInterfaceOrientationPortraitUpsideDown UIInterfaceOrientationLandscapeLeft UIInterfaceOrientationLandscapeRight";
				INFOPLIST_KEY_UISupportedInterfaceOrientations_iPhone = "UIInterfaceOrientationPortrait UIInterfaceOrientationLandscapeLeft UIInterfaceOrientationLandscapeRight";
				IPHONEOS_DEPLOYMENT_TARGET = 16.2;
				LD_RUNPATH_SEARCH_PATHS = "@executable_path/Frameworks";
				"LD_RUNPATH_SEARCH_PATHS[sdk=macosx*]" = "@executable_path/../Frameworks";
				MACOSX_DEPLOYMENT_TARGET = 13.1;
				MARKETING_VERSION = 1.0;
				PRODUCT_BUNDLE_IDENTIFIER = com.sc.BudgetApp;
				PRODUCT_NAME = "$(TARGET_NAME)";
				SDKROOT = auto;
				SUPPORTED_PLATFORMS = "iphoneos iphonesimulator macosx";
				SWIFT_EMIT_LOC_STRINGS = YES;
				SWIFT_VERSION = 5.0;
				TARGETED_DEVICE_FAMILY = "1,2";
			};
			name = Release;
		};
		5230D3E629D6F57F002B28D1 /* Debug */ = {
			isa = XCBuildConfiguration;
			buildSettings = {
				ALWAYS_EMBED_SWIFT_STANDARD_LIBRARIES = YES;
				BUNDLE_LOADER = "$(TEST_HOST)";
				CODE_SIGN_STYLE = Automatic;
				CURRENT_PROJECT_VERSION = 1;
				GENERATE_INFOPLIST_FILE = YES;
				IPHONEOS_DEPLOYMENT_TARGET = 16.2;
				MACOSX_DEPLOYMENT_TARGET = 13.1;
				MARKETING_VERSION = 1.0;
				PRODUCT_BUNDLE_IDENTIFIER = com.sc.BudgetAppTests;
				PRODUCT_NAME = "$(TARGET_NAME)";
				SDKROOT = auto;
				SUPPORTED_PLATFORMS = "iphoneos iphonesimulator macosx";
				SWIFT_EMIT_LOC_STRINGS = NO;
				SWIFT_VERSION = 5.0;
				TARGETED_DEVICE_FAMILY = "1,2";
				TEST_HOST = "$(BUILT_PRODUCTS_DIR)/BudgetApp.app/$(BUNDLE_EXECUTABLE_FOLDER_PATH)/BudgetApp";
			};
			name = Debug;
		};
		5230D3E729D6F57F002B28D1 /* Release */ = {
			isa = XCBuildConfiguration;
			buildSettings = {
				ALWAYS_EMBED_SWIFT_STANDARD_LIBRARIES = YES;
				BUNDLE_LOADER = "$(TEST_HOST)";
				CODE_SIGN_STYLE = Automatic;
				CURRENT_PROJECT_VERSION = 1;
				GENERATE_INFOPLIST_FILE = YES;
				IPHONEOS_DEPLOYMENT_TARGET = 16.2;
				MACOSX_DEPLOYMENT_TARGET = 13.1;
				MARKETING_VERSION = 1.0;
				PRODUCT_BUNDLE_IDENTIFIER = com.sc.BudgetAppTests;
				PRODUCT_NAME = "$(TARGET_NAME)";
				SDKROOT = auto;
				SUPPORTED_PLATFORMS = "iphoneos iphonesimulator macosx";
				SWIFT_EMIT_LOC_STRINGS = NO;
				SWIFT_VERSION = 5.0;
				TARGETED_DEVICE_FAMILY = "1,2";
				TEST_HOST = "$(BUILT_PRODUCTS_DIR)/BudgetApp.app/$(BUNDLE_EXECUTABLE_FOLDER_PATH)/BudgetApp";
			};
			name = Release;
		};
		5230D3E929D6F57F002B28D1 /* Debug */ = {
			isa = XCBuildConfiguration;
			buildSettings = {
				ALWAYS_EMBED_SWIFT_STANDARD_LIBRARIES = YES;
				CODE_SIGN_STYLE = Automatic;
				CURRENT_PROJECT_VERSION = 1;
				GENERATE_INFOPLIST_FILE = YES;
				IPHONEOS_DEPLOYMENT_TARGET = 16.2;
				MACOSX_DEPLOYMENT_TARGET = 13.1;
				MARKETING_VERSION = 1.0;
				PRODUCT_BUNDLE_IDENTIFIER = com.sc.BudgetAppUITests;
				PRODUCT_NAME = "$(TARGET_NAME)";
				SDKROOT = auto;
				SUPPORTED_PLATFORMS = "iphoneos iphonesimulator macosx";
				SWIFT_EMIT_LOC_STRINGS = NO;
				SWIFT_VERSION = 5.0;
				TARGETED_DEVICE_FAMILY = "1,2";
				TEST_TARGET_NAME = BudgetApp;
			};
			name = Debug;
		};
		5230D3EA29D6F57F002B28D1 /* Release */ = {
			isa = XCBuildConfiguration;
			buildSettings = {
				ALWAYS_EMBED_SWIFT_STANDARD_LIBRARIES = YES;
				CODE_SIGN_STYLE = Automatic;
				CURRENT_PROJECT_VERSION = 1;
				GENERATE_INFOPLIST_FILE = YES;
				IPHONEOS_DEPLOYMENT_TARGET = 16.2;
				MACOSX_DEPLOYMENT_TARGET = 13.1;
				MARKETING_VERSION = 1.0;
				PRODUCT_BUNDLE_IDENTIFIER = com.sc.BudgetAppUITests;
				PRODUCT_NAME = "$(TARGET_NAME)";
				SDKROOT = auto;
				SUPPORTED_PLATFORMS = "iphoneos iphonesimulator macosx";
				SWIFT_EMIT_LOC_STRINGS = NO;
				SWIFT_VERSION = 5.0;
				TARGETED_DEVICE_FAMILY = "1,2";
				TEST_TARGET_NAME = BudgetApp;
			};
			name = Release;
		};
/* End XCBuildConfiguration section */

/* Begin XCConfigurationList section */
		5230D3B829D6F57D002B28D1 /* Build configuration list for PBXProject "BudgetApp" */ = {
			isa = XCConfigurationList;
			buildConfigurations = (
				5230D3E029D6F57F002B28D1 /* Debug */,
				5230D3E129D6F57F002B28D1 /* Release */,
			);
			defaultConfigurationIsVisible = 0;
			defaultConfigurationName = Release;
		};
		5230D3E229D6F57F002B28D1 /* Build configuration list for PBXNativeTarget "BudgetApp" */ = {
			isa = XCConfigurationList;
			buildConfigurations = (
				5230D3E329D6F57F002B28D1 /* Debug */,
				5230D3E429D6F57F002B28D1 /* Release */,
			);
			defaultConfigurationIsVisible = 0;
			defaultConfigurationName = Release;
		};
		5230D3E529D6F57F002B28D1 /* Build configuration list for PBXNativeTarget "BudgetAppTests" */ = {
			isa = XCConfigurationList;
			buildConfigurations = (
				5230D3E629D6F57F002B28D1 /* Debug */,
				5230D3E729D6F57F002B28D1 /* Release */,
			);
			defaultConfigurationIsVisible = 0;
			defaultConfigurationName = Release;
		};
		5230D3E829D6F57F002B28D1 /* Build configuration list for PBXNativeTarget "BudgetAppUITests" */ = {
			isa = XCConfigurationList;
			buildConfigurations = (
				5230D3E929D6F57F002B28D1 /* Debug */,
				5230D3EA29D6F57F002B28D1 /* Release */,
			);
			defaultConfigurationIsVisible = 0;
			defaultConfigurationName = Release;
		};
/* End XCConfigurationList section */

/* Begin XCRemoteSwiftPackageReference section */
		5230D3F529D716D7002B28D1 /* XCRemoteSwiftPackageReference "SwiftUIFontIcon" */ = {
			isa = XCRemoteSwiftPackageReference;
			repositoryURL = "https://github.com/huybuidac/SwiftUIFontIcon";
			requirement = {
				branch = master;
				kind = branch;
			};
		};
/* End XCRemoteSwiftPackageReference section */

/* Begin XCSwiftPackageProductDependency section */
		5230D3F629D716D7002B28D1 /* SwiftUIFontIcon */ = {
			isa = XCSwiftPackageProductDependency;
			package = 5230D3F529D716D7002B28D1 /* XCRemoteSwiftPackageReference "SwiftUIFontIcon" */;
			productName = SwiftUIFontIcon;
		};
/* End XCSwiftPackageProductDependency section */
	};
	rootObject = 5230D3B529D6F57D002B28D1 /* Project object */;
}
